
Microsoft Visual Studio Solution File, Format Version 12.00
# Visual Studio 2013
VisualStudioVersion = 12.0.31101.0
MinimumVisualStudioVersion = 10.0.40219.1
Project("{8BC9CEB8-8B4A-11D0-8D11-00A0C91BC942}") = "Client", "Client\Client.vcxproj", "{F64D3082-9E9D-4E60-AA0E-D9F7DF90FE08}"
EndProject
Project("{8BC9CEB8-8B4A-11D0-8D11-00A0C91BC942}") = "Server", "Server\Server.vcxproj", "{1C9BD6A5-3636-42E9-81F2-A04FD822CC0C}"
EndProject
Global
	GlobalSection(SolutionConfigurationPlatforms) = preSolution
		Debug|Win32 = Debug|Win32
		Release|Win32 = Release|Win32
	EndGlobalSection
	GlobalSection(ProjectConfigurationPlatforms) = postSolution
		{F64D3082-9E9D-4E60-AA0E-D9F7DF90FE08}.Debug|Win32.ActiveCfg = Debug|Win32
		{F64D3082-9E9D-4E60-AA0E-D9F7DF90FE08}.Debug|Win32.Build.0 = Debug|Win32
		{F64D3082-9E9D-4E60-AA0E-D9F7DF90FE08}.Release|Win32.ActiveCfg = Release|Win32
		{F64D3082-9E9D-4E60-AA0E-D9F7DF90FE08}.Release|Win32.Build.0 = Release|Win32
		{1C9BD6A5-3636-42E9-81F2-A04FD822CC0C}.Debug|Win32.ActiveCfg = Debug|Win32
		{1C9BD6A5-3636-42E9-81F2-A04FD822CC0C}.Debug|Win32.Build.0 = Debug|Win32
		{1C9BD6A5-3636-42E9-81F2-A04FD822CC0C}.Release|Win32.ActiveCfg = Release|Win32
		{1C9BD6A5-3636-42E9-81F2-A04FD822CC0C}.Release|Win32.Build.0 = Release|Win32
	EndGlobalSection
	GlobalSection(SolutionProperties) = preSolution
		HideSolutionNode = FALSE
	EndGlobalSection
EndGlobal
